
Microsoft Visual Studio Solution File, Format Version 12.00
# Visual Studio Version 17
VisualStudioVersion = 17.2.32616.157
MinimumVisualStudioVersion = 10.0.40219.1
Project("{FAE04EC0-301F-11D3-BF4B-00C04F79EFBC}") = "CE160059_SignalRLab", "CE160059_SignalRLab\CE160059_SignalRLab.csproj", "{2280288A-20C9-4BA6-86F3-CB5D3C94DE07}"
EndProject
Global
	GlobalSection(SolutionConfigurationPlatforms) = preSolution
		Debug|Any CPU = Debug|Any CPU
		Release|Any CPU = Release|Any CPU
	EndGlobalSection
	GlobalSection(ProjectConfigurationPlatforms) = postSolution
		{2280288A-20C9-4BA6-86F3-CB5D3C94DE07}.Debug|Any CPU.ActiveCfg = Debug|Any CPU
		{2280288A-20C9-4BA6-86F3-CB5D3C94DE07}.Debug|Any CPU.Build.0 = Debug|Any CPU
		{2280288A-20C9-4BA6-86F3-CB5D3C94DE07}.Release|Any CPU.ActiveCfg = Release|Any CPU
		{2280288A-20C9-4BA6-86F3-CB5D3C94DE07}.Release|Any CPU.Build.0 = Release|Any CPU
	EndGlobalSection
	GlobalSection(SolutionProperties) = preSolution
		HideSolutionNode = FALSE
	EndGlobalSection
	GlobalSection(ExtensibilityGlobals) = postSolution
		SolutionGuid = {EB9EF07F-0F31-4D0A-8326-9E636FF071DA}
	EndGlobalSection
EndGlobal
